
Microsoft Visual Studio Solution File, Format Version 12.00
# Visual Studio Version 17
VisualStudioVersion = 17.4.33205.214
MinimumVisualStudioVersion = 10.0.40219.1
Project("{9A19103F-16F7-4668-BE54-9A1E7A4F7556}") = "StudentDB", "StudentDB\StudentDB.csproj", "{878424D0-7CB5-4D96-B3E2-D260D856F217}"
EndProject
Global
	GlobalSection(SolutionConfigurationPlatforms) = preSolution
		Debug|Any CPU = Debug|Any CPU
		Release|Any CPU = Release|Any CPU
	EndGlobalSection
	GlobalSection(ProjectConfigurationPlatforms) = postSolution
		{878424D0-7CB5-4D96-B3E2-D260D856F217}.Debug|Any CPU.ActiveCfg = Debug|Any CPU
		{878424D0-7CB5-4D96-B3E2-D260D856F217}.Debug|Any CPU.Build.0 = Debug|Any CPU
		{878424D0-7CB5-4D96-B3E2-D260D856F217}.Release|Any CPU.ActiveCfg = Release|Any CPU
		{878424D0-7CB5-4D96-B3E2-D260D856F217}.Release|Any CPU.Build.0 = Release|Any CPU
	EndGlobalSection
	GlobalSection(SolutionProperties) = preSolution
		HideSolutionNode = FALSE
	EndGlobalSection
	GlobalSection(ExtensibilityGlobals) = postSolution
		SolutionGuid = {27222080-84E1-44EB-87D2-6DAC435BC024}
	EndGlobalSection
EndGlobal
